// !$*UTF8*$!
{
	archiveVersion = 1;
	classes = {
	};
	objectVersion = 56;
	objects = {

/* Begin PBXBuildFile section */
		3625BCA32A0699D6004E897E /* AppDelegate.swift in Sources */ = {isa = PBXBuildFile; fileRef = 3625BCA22A0699D6004E897E /* AppDelegate.swift */; };
		3625BCA52A0699D6004E897E /* SceneDelegate.swift in Sources */ = {isa = PBXBuildFile; fileRef = 3625BCA42A0699D6004E897E /* SceneDelegate.swift */; };
		3625BCA72A0699D6004E897E /* ViewController.swift in Sources */ = {isa = PBXBuildFile; fileRef = 3625BCA62A0699D6004E897E /* ViewController.swift */; };
		3625BCAD2A0699D6004E897E /* ChatApp.xcdatamodeld in Sources */ = {isa = PBXBuildFile; fileRef = 3625BCAB2A0699D6004E897E /* ChatApp.xcdatamodeld */; };
		3625BCAF2A0699D8004E897E /* Assets.xcassets in Resources */ = {isa = PBXBuildFile; fileRef = 3625BCAE2A0699D8004E897E /* Assets.xcassets */; };
		3625BCB22A0699D8004E897E /* LaunchScreen.storyboard in Resources */ = {isa = PBXBuildFile; fileRef = 3625BCB02A0699D8004E897E /* LaunchScreen.storyboard */; };
		3625BCBD2A0699D8004E897E /* ChatAppTests.swift in Sources */ = {isa = PBXBuildFile; fileRef = 3625BCBC2A0699D8004E897E /* ChatAppTests.swift */; };
		3625BCC72A0699D8004E897E /* ChatAppUITests.swift in Sources */ = {isa = PBXBuildFile; fileRef = 3625BCC62A0699D8004E897E /* ChatAppUITests.swift */; };
		3625BCC92A0699D8004E897E /* ChatAppUITestsLaunchTests.swift in Sources */ = {isa = PBXBuildFile; fileRef = 3625BCC82A0699D8004E897E /* ChatAppUITestsLaunchTests.swift */; };
		3625BCD92A069ECD004E897E /* TabBarController.swift in Sources */ = {isa = PBXBuildFile; fileRef = 3625BCD82A069ECD004E897E /* TabBarController.swift */; };
		3625BCDB2A06A480004E897E /* MessageViewController.swift in Sources */ = {isa = PBXBuildFile; fileRef = 3625BCDA2A06A480004E897E /* MessageViewController.swift */; };
		3625BCDE2A06A6C2004E897E /* Constants.swift in Sources */ = {isa = PBXBuildFile; fileRef = 3625BCDD2A06A6C2004E897E /* Constants.swift */; };
		3625BCE12A075EAB004E897E /* SnapKit in Frameworks */ = {isa = PBXBuildFile; productRef = 3625BCE02A075EAB004E897E /* SnapKit */; };
		3625BCE32A07650A004E897E /* MessageTableViewCell.swift in Sources */ = {isa = PBXBuildFile; fileRef = 3625BCE22A07650A004E897E /* MessageTableViewCell.swift */; };
		3625BCE52A076714004E897E /* Extensions.swift in Sources */ = {isa = PBXBuildFile; fileRef = 3625BCE42A076714004E897E /* Extensions.swift */; };
		3625BCE72A07FE05004E897E /* ChatViewController.swift in Sources */ = {isa = PBXBuildFile; fileRef = 3625BCE62A07FE05004E897E /* ChatViewController.swift */; };
		3625BCEA2A081393004E897E /* BaseModalViewController.swift in Sources */ = {isa = PBXBuildFile; fileRef = 3625BCE92A081393004E897E /* BaseModalViewController.swift */; };
		3625BCEC2A0815E3004E897E /* NewMessageViewController.swift in Sources */ = {isa = PBXBuildFile; fileRef = 3625BCEB2A0815E3004E897E /* NewMessageViewController.swift */; };
		3666978F2A089BE800F792A0 /* ChatTableViewCell.swift in Sources */ = {isa = PBXBuildFile; fileRef = 3666978E2A089BE800F792A0 /* ChatTableViewCell.swift */; };
		367605962A0A432200EE2291 /* Messages.swift in Sources */ = {isa = PBXBuildFile; fileRef = 367605952A0A432200EE2291 /* Messages.swift */; };
		3676059A2A0AB9C800EE2291 /* ChatHeaderView.swift in Sources */ = {isa = PBXBuildFile; fileRef = 367605992A0AB9C800EE2291 /* ChatHeaderView.swift */; };
		3676059C2A0ABB8C00EE2291 /* GoogleService-Info.plist in Resources */ = {isa = PBXBuildFile; fileRef = 3676059B2A0ABB8C00EE2291 /* GoogleService-Info.plist */; };
		3676059F2A0ABD0200EE2291 /* FirebaseAnalytics in Frameworks */ = {isa = PBXBuildFile; productRef = 3676059E2A0ABD0200EE2291 /* FirebaseAnalytics */; };
		367605A12A0ABD0200EE2291 /* FirebaseAuth in Frameworks */ = {isa = PBXBuildFile; productRef = 367605A02A0ABD0200EE2291 /* FirebaseAuth */; };
		367605A32A0ABD0200EE2291 /* FirebaseFirestore in Frameworks */ = {isa = PBXBuildFile; productRef = 367605A22A0ABD0200EE2291 /* FirebaseFirestore */; };
		367605A52A0ABD0200EE2291 /* FirebaseFirestoreSwift in Frameworks */ = {isa = PBXBuildFile; productRef = 367605A42A0ABD0200EE2291 /* FirebaseFirestoreSwift */; };
		367605A72A0ABD0200EE2291 /* FirebaseStorage in Frameworks */ = {isa = PBXBuildFile; productRef = 367605A62A0ABD0200EE2291 /* FirebaseStorage */; };
		367605A92A0B092000EE2291 /* LoginViewController.swift in Sources */ = {isa = PBXBuildFile; fileRef = 367605A82A0B092000EE2291 /* LoginViewController.swift */; };
		367605AB2A0B0D4E00EE2291 /* UserDefaultManager.swift in Sources */ = {isa = PBXBuildFile; fileRef = 367605AA2A0B0D4E00EE2291 /* UserDefaultManager.swift */; };
/* End PBXBuildFile section */

/* Begin PBXContainerItemProxy section */
		3625BCB92A0699D8004E897E /* PBXContainerItemProxy */ = {
			isa = PBXContainerItemProxy;
			containerPortal = 3625BC972A0699D6004E897E /* Project object */;
			proxyType = 1;
			remoteGlobalIDString = 3625BC9E2A0699D6004E897E;
			remoteInfo = ChatApp;
		};
		3625BCC32A0699D8004E897E /* PBXContainerItemProxy */ = {
			isa = PBXContainerItemProxy;
			containerPortal = 3625BC972A0699D6004E897E /* Project object */;
			proxyType = 1;
			remoteGlobalIDString = 3625BC9E2A0699D6004E897E;
			remoteInfo = ChatApp;
		};
/* End PBXContainerItemProxy section */

/* Begin PBXFileReference section */
		3625BC9F2A0699D6004E897E /* ChatApp.app */ = {isa = PBXFileReference; explicitFileType = wrapper.application; includeInIndex = 0; path = ChatApp.app; sourceTree = BUILT_PRODUCTS_DIR; };
		3625BCA22A0699D6004E897E /* AppDelegate.swift */ = {isa = PBXFileReference; lastKnownFileType = sourcecode.swift; path = AppDelegate.swift; sourceTree = "<group>"; };
		3625BCA42A0699D6004E897E /* SceneDelegate.swift */ = {isa = PBXFileReference; lastKnownFileType = sourcecode.swift; path = SceneDelegate.swift; sourceTree = "<group>"; };
		3625BCA62A0699D6004E897E /* ViewController.swift */ = {isa = PBXFileReference; lastKnownFileType = sourcecode.swift; path = ViewController.swift; sourceTree = "<group>"; };
		3625BCAC2A0699D6004E897E /* ChatApp.xcdatamodel */ = {isa = PBXFileReference; lastKnownFileType = wrapper.xcdatamodel; path = ChatApp.xcdatamodel; sourceTree = "<group>"; };
		3625BCAE2A0699D8004E897E /* Assets.xcassets */ = {isa = PBXFileReference; lastKnownFileType = folder.assetcatalog; path = Assets.xcassets; sourceTree = "<group>"; };
		3625BCB12A0699D8004E897E /* Base */ = {isa = PBXFileReference; lastKnownFileType = file.storyboard; name = Base; path = Base.lproj/LaunchScreen.storyboard; sourceTree = "<group>"; };
		3625BCB32A0699D8004E897E /* Info.plist */ = {isa = PBXFileReference; lastKnownFileType = text.plist.xml; path = Info.plist; sourceTree = "<group>"; };
		3625BCB82A0699D8004E897E /* ChatAppTests.xctest */ = {isa = PBXFileReference; explicitFileType = wrapper.cfbundle; includeInIndex = 0; path = ChatAppTests.xctest; sourceTree = BUILT_PRODUCTS_DIR; };
		3625BCBC2A0699D8004E897E /* ChatAppTests.swift */ = {isa = PBXFileReference; lastKnownFileType = sourcecode.swift; path = ChatAppTests.swift; sourceTree = "<group>"; };
		3625BCC22A0699D8004E897E /* ChatAppUITests.xctest */ = {isa = PBXFileReference; explicitFileType = wrapper.cfbundle; includeInIndex = 0; path = ChatAppUITests.xctest; sourceTree = BUILT_PRODUCTS_DIR; };
		3625BCC62A0699D8004E897E /* ChatAppUITests.swift */ = {isa = PBXFileReference; lastKnownFileType = sourcecode.swift; path = ChatAppUITests.swift; sourceTree = "<group>"; };
		3625BCC82A0699D8004E897E /* ChatAppUITestsLaunchTests.swift */ = {isa = PBXFileReference; lastKnownFileType = sourcecode.swift; path = ChatAppUITestsLaunchTests.swift; sourceTree = "<group>"; };
		3625BCD82A069ECD004E897E /* TabBarController.swift */ = {isa = PBXFileReference; lastKnownFileType = sourcecode.swift; path = TabBarController.swift; sourceTree = "<group>"; };
		3625BCDA2A06A480004E897E /* MessageViewController.swift */ = {isa = PBXFileReference; lastKnownFileType = sourcecode.swift; path = MessageViewController.swift; sourceTree = "<group>"; };
		3625BCDD2A06A6C2004E897E /* Constants.swift */ = {isa = PBXFileReference; lastKnownFileType = sourcecode.swift; path = Constants.swift; sourceTree = "<group>"; };
		3625BCE22A07650A004E897E /* MessageTableViewCell.swift */ = {isa = PBXFileReference; lastKnownFileType = sourcecode.swift; path = MessageTableViewCell.swift; sourceTree = "<group>"; };
		3625BCE42A076714004E897E /* Extensions.swift */ = {isa = PBXFileReference; lastKnownFileType = sourcecode.swift; path = Extensions.swift; sourceTree = "<group>"; };
		3625BCE62A07FE05004E897E /* ChatViewController.swift */ = {isa = PBXFileReference; lastKnownFileType = sourcecode.swift; path = ChatViewController.swift; sourceTree = "<group>"; };
		3625BCE92A081393004E897E /* BaseModalViewController.swift */ = {isa = PBXFileReference; lastKnownFileType = sourcecode.swift; path = BaseModalViewController.swift; sourceTree = "<group>"; };
		3625BCEB2A0815E3004E897E /* NewMessageViewController.swift */ = {isa = PBXFileReference; lastKnownFileType = sourcecode.swift; path = NewMessageViewController.swift; sourceTree = "<group>"; };
		3666978E2A089BE800F792A0 /* ChatTableViewCell.swift */ = {isa = PBXFileReference; lastKnownFileType = sourcecode.swift; path = ChatTableViewCell.swift; sourceTree = "<group>"; };
		367605952A0A432200EE2291 /* Messages.swift */ = {isa = PBXFileReference; lastKnownFileType = sourcecode.swift; path = Messages.swift; sourceTree = "<group>"; };
		367605992A0AB9C800EE2291 /* ChatHeaderView.swift */ = {isa = PBXFileReference; lastKnownFileType = sourcecode.swift; path = ChatHeaderView.swift; sourceTree = "<group>"; };
		3676059B2A0ABB8C00EE2291 /* GoogleService-Info.plist */ = {isa = PBXFileReference; fileEncoding = 4; lastKnownFileType = text.plist.xml; path = "GoogleService-Info.plist"; sourceTree = "<group>"; };
		367605A82A0B092000EE2291 /* LoginViewController.swift */ = {isa = PBXFileReference; lastKnownFileType = sourcecode.swift; path = LoginViewController.swift; sourceTree = "<group>"; };
		367605AA2A0B0D4E00EE2291 /* UserDefaultManager.swift */ = {isa = PBXFileReference; lastKnownFileType = sourcecode.swift; path = UserDefaultManager.swift; sourceTree = "<group>"; };
/* End PBXFileReference section */

/* Begin PBXFrameworksBuildPhase section */
		3625BC9C2A0699D6004E897E /* Frameworks */ = {
			isa = PBXFrameworksBuildPhase;
			buildActionMask = 2147483647;
			files = (
				367605A52A0ABD0200EE2291 /* FirebaseFirestoreSwift in Frameworks */,
				3676059F2A0ABD0200EE2291 /* FirebaseAnalytics in Frameworks */,
				367605A32A0ABD0200EE2291 /* FirebaseFirestore in Frameworks */,
				367605A12A0ABD0200EE2291 /* FirebaseAuth in Frameworks */,
				3625BCE12A075EAB004E897E /* SnapKit in Frameworks */,
				367605A72A0ABD0200EE2291 /* FirebaseStorage in Frameworks */,
			);
			runOnlyForDeploymentPostprocessing = 0;
		};
		3625BCB52A0699D8004E897E /* Frameworks */ = {
			isa = PBXFrameworksBuildPhase;
			buildActionMask = 2147483647;
			files = (
			);
			runOnlyForDeploymentPostprocessing = 0;
		};
		3625BCBF2A0699D8004E897E /* Frameworks */ = {
			isa = PBXFrameworksBuildPhase;
			buildActionMask = 2147483647;
			files = (
			);
			runOnlyForDeploymentPostprocessing = 0;
		};
/* End PBXFrameworksBuildPhase section */

/* Begin PBXGroup section */
		3625BC962A0699D6004E897E = {
			isa = PBXGroup;
			children = (
				3625BCA12A0699D6004E897E /* ChatApp */,
				3625BCBB2A0699D8004E897E /* ChatAppTests */,
				3625BCC52A0699D8004E897E /* ChatAppUITests */,
				3625BCA02A0699D6004E897E /* Products */,
			);
			sourceTree = "<group>";
		};
		3625BCA02A0699D6004E897E /* Products */ = {
			isa = PBXGroup;
			children = (
				3625BC9F2A0699D6004E897E /* ChatApp.app */,
				3625BCB82A0699D8004E897E /* ChatAppTests.xctest */,
				3625BCC22A0699D8004E897E /* ChatAppUITests.xctest */,
			);
			name = Products;
			sourceTree = "<group>";
		};
		3625BCA12A0699D6004E897E /* ChatApp */ = {
			isa = PBXGroup;
			children = (
				367605942A0A3E5100EE2291 /* Model */,
				3625BCE82A08137C004E897E /* Base */,
				3625BCDC2A06A6B0004E897E /* Utils */,
				3625BCD52A069B39004E897E /* App */,
				3625BCD72A069B7B004E897E /* View */,
				3676059B2A0ABB8C00EE2291 /* GoogleService-Info.plist */,
				3625BCB32A0699D8004E897E /* Info.plist */,
			);
			path = ChatApp;
			sourceTree = "<group>";
		};
		3625BCBB2A0699D8004E897E /* ChatAppTests */ = {
			isa = PBXGroup;
			children = (
				3625BCBC2A0699D8004E897E /* ChatAppTests.swift */,
			);
			path = ChatAppTests;
			sourceTree = "<group>";
		};
		3625BCC52A0699D8004E897E /* ChatAppUITests */ = {
			isa = PBXGroup;
			children = (
				3625BCC62A0699D8004E897E /* ChatAppUITests.swift */,
				3625BCC82A0699D8004E897E /* ChatAppUITestsLaunchTests.swift */,
			);
			path = ChatAppUITests;
			sourceTree = "<group>";
		};
		3625BCD52A069B39004E897E /* App */ = {
			isa = PBXGroup;
			children = (
				3625BCD62A069B40004E897E /* Resources */,
				3625BCA22A0699D6004E897E /* AppDelegate.swift */,
				3625BCA42A0699D6004E897E /* SceneDelegate.swift */,
			);
			path = App;
			sourceTree = "<group>";
		};
		3625BCD62A069B40004E897E /* Resources */ = {
			isa = PBXGroup;
			children = (
				3625BCB02A0699D8004E897E /* LaunchScreen.storyboard */,
				3625BCAB2A0699D6004E897E /* ChatApp.xcdatamodeld */,
				3625BCAE2A0699D8004E897E /* Assets.xcassets */,
			);
			path = Resources;
			sourceTree = "<group>";
		};
		3625BCD72A069B7B004E897E /* View */ = {
			isa = PBXGroup;
			children = (
				367605A82A0B092000EE2291 /* LoginViewController.swift */,
				3625BCA62A0699D6004E897E /* ViewController.swift */,
				3625BCD82A069ECD004E897E /* TabBarController.swift */,
				3625BCDA2A06A480004E897E /* MessageViewController.swift */,
				3625BCE22A07650A004E897E /* MessageTableViewCell.swift */,
				367605AC2A0B523E00EE2291 /* Chat */,
				3625BCEB2A0815E3004E897E /* NewMessageViewController.swift */,
			);
			path = View;
			sourceTree = "<group>";
		};
		3625BCDC2A06A6B0004E897E /* Utils */ = {
			isa = PBXGroup;
			children = (
				3625BCDD2A06A6C2004E897E /* Constants.swift */,
				3625BCE42A076714004E897E /* Extensions.swift */,
				367605AA2A0B0D4E00EE2291 /* UserDefaultManager.swift */,
			);
			path = Utils;
			sourceTree = "<group>";
		};
		3625BCE82A08137C004E897E /* Base */ = {
			isa = PBXGroup;
			children = (
				3625BCE92A081393004E897E /* BaseModalViewController.swift */,
			);
			path = Base;
			sourceTree = "<group>";
		};
		367605942A0A3E5100EE2291 /* Model */ = {
			isa = PBXGroup;
			children = (
				367605952A0A432200EE2291 /* Messages.swift */,
			);
			path = Model;
			sourceTree = "<group>";
		};
		367605AC2A0B523E00EE2291 /* Chat */ = {
			isa = PBXGroup;
			children = (
				3625BCE62A07FE05004E897E /* ChatViewController.swift */,
				3666978E2A089BE800F792A0 /* ChatTableViewCell.swift */,
				367605992A0AB9C800EE2291 /* ChatHeaderView.swift */,
			);
			path = Chat;
			sourceTree = "<group>";
		};
/* End PBXGroup section */

/* Begin PBXNativeTarget section */
		3625BC9E2A0699D6004E897E /* ChatApp */ = {
			isa = PBXNativeTarget;
			buildConfigurationList = 3625BCCC2A0699D8004E897E /* Build configuration list for PBXNativeTarget "ChatApp" */;
			buildPhases = (
				3625BC9B2A0699D6004E897E /* Sources */,
				3625BC9C2A0699D6004E897E /* Frameworks */,
				3625BC9D2A0699D6004E897E /* Resources */,
			);
			buildRules = (
			);
			dependencies = (
			);
			name = ChatApp;
			packageProductDependencies = (
				3625BCE02A075EAB004E897E /* SnapKit */,
				3676059E2A0ABD0200EE2291 /* FirebaseAnalytics */,
				367605A02A0ABD0200EE2291 /* FirebaseAuth */,
				367605A22A0ABD0200EE2291 /* FirebaseFirestore */,
				367605A42A0ABD0200EE2291 /* FirebaseFirestoreSwift */,
				367605A62A0ABD0200EE2291 /* FirebaseStorage */,
			);
			productName = ChatApp;
			productReference = 3625BC9F2A0699D6004E897E /* ChatApp.app */;
			productType = "com.apple.product-type.application";
		};
		3625BCB72A0699D8004E897E /* ChatAppTests */ = {
			isa = PBXNativeTarget;
			buildConfigurationList = 3625BCCF2A0699D8004E897E /* Build configuration list for PBXNativeTarget "ChatAppTests" */;
			buildPhases = (
				3625BCB42A0699D8004E897E /* Sources */,
				3625BCB52A0699D8004E897E /* Frameworks */,
				3625BCB62A0699D8004E897E /* Resources */,
			);
			buildRules = (
			);
			dependencies = (
				3625BCBA2A0699D8004E897E /* PBXTargetDependency */,
			);
			name = ChatAppTests;
			productName = ChatAppTests;
			productReference = 3625BCB82A0699D8004E897E /* ChatAppTests.xctest */;
			productType = "com.apple.product-type.bundle.unit-test";
		};
		3625BCC12A0699D8004E897E /* ChatAppUITests */ = {
			isa = PBXNativeTarget;
			buildConfigurationList = 3625BCD22A0699D8004E897E /* Build configuration list for PBXNativeTarget "ChatAppUITests" */;
			buildPhases = (
				3625BCBE2A0699D8004E897E /* Sources */,
				3625BCBF2A0699D8004E897E /* Frameworks */,
				3625BCC02A0699D8004E897E /* Resources */,
			);
			buildRules = (
			);
			dependencies = (
				3625BCC42A0699D8004E897E /* PBXTargetDependency */,
			);
			name = ChatAppUITests;
			productName = ChatAppUITests;
			productReference = 3625BCC22A0699D8004E897E /* ChatAppUITests.xctest */;
			productType = "com.apple.product-type.bundle.ui-testing";
		};
/* End PBXNativeTarget section */

/* Begin PBXProject section */
		3625BC972A0699D6004E897E /* Project object */ = {
			isa = PBXProject;
			attributes = {
				BuildIndependentTargetsInParallel = 1;
				LastSwiftUpdateCheck = 1420;
				LastUpgradeCheck = 1420;
				TargetAttributes = {
					3625BC9E2A0699D6004E897E = {
						CreatedOnToolsVersion = 14.2;
					};
					3625BCB72A0699D8004E897E = {
						CreatedOnToolsVersion = 14.2;
						TestTargetID = 3625BC9E2A0699D6004E897E;
					};
					3625BCC12A0699D8004E897E = {
						CreatedOnToolsVersion = 14.2;
						TestTargetID = 3625BC9E2A0699D6004E897E;
					};
				};
			};
			buildConfigurationList = 3625BC9A2A0699D6004E897E /* Build configuration list for PBXProject "ChatApp" */;
			compatibilityVersion = "Xcode 14.0";
			developmentRegion = en;
			hasScannedForEncodings = 0;
			knownRegions = (
				en,
				Base,
			);
			mainGroup = 3625BC962A0699D6004E897E;
			packageReferences = (
				3625BCDF2A075EAB004E897E /* XCRemoteSwiftPackageReference "SnapKit" */,
				3676059D2A0ABD0200EE2291 /* XCRemoteSwiftPackageReference "firebase-ios-sdk" */,
			);
			productRefGroup = 3625BCA02A0699D6004E897E /* Products */;
			projectDirPath = "";
			projectRoot = "";
			targets = (
				3625BC9E2A0699D6004E897E /* ChatApp */,
				3625BCB72A0699D8004E897E /* ChatAppTests */,
				3625BCC12A0699D8004E897E /* ChatAppUITests */,
			);
		};
/* End PBXProject section */

/* Begin PBXResourcesBuildPhase section */
		3625BC9D2A0699D6004E897E /* Resources */ = {
			isa = PBXResourcesBuildPhase;
			buildActionMask = 2147483647;
			files = (
				3625BCB22A0699D8004E897E /* LaunchScreen.storyboard in Resources */,
				3625BCAF2A0699D8004E897E /* Assets.xcassets in Resources */,
				3676059C2A0ABB8C00EE2291 /* GoogleService-Info.plist in Resources */,
			);
			runOnlyForDeploymentPostprocessing = 0;
		};
		3625BCB62A0699D8004E897E /* Resources */ = {
			isa = PBXResourcesBuildPhase;
			buildActionMask = 2147483647;
			files = (
			);
			runOnlyForDeploymentPostprocessing = 0;
		};
		3625BCC02A0699D8004E897E /* Resources */ = {
			isa = PBXResourcesBuildPhase;
			buildActionMask = 2147483647;
			files = (
			);
			runOnlyForDeploymentPostprocessing = 0;
		};
/* End PBXResourcesBuildPhase section */

/* Begin PBXSourcesBuildPhase section */
		3625BC9B2A0699D6004E897E /* Sources */ = {
			isa = PBXSourcesBuildPhase;
			buildActionMask = 2147483647;
			files = (
				3676059A2A0AB9C800EE2291 /* ChatHeaderView.swift in Sources */,
				3625BCE52A076714004E897E /* Extensions.swift in Sources */,
				3625BCDB2A06A480004E897E /* MessageViewController.swift in Sources */,
				3625BCA72A0699D6004E897E /* ViewController.swift in Sources */,
				367605962A0A432200EE2291 /* Messages.swift in Sources */,
				3625BCAD2A0699D6004E897E /* ChatApp.xcdatamodeld in Sources */,
				3625BCA32A0699D6004E897E /* AppDelegate.swift in Sources */,
				3625BCEA2A081393004E897E /* BaseModalViewController.swift in Sources */,
				3625BCDE2A06A6C2004E897E /* Constants.swift in Sources */,
				3625BCEC2A0815E3004E897E /* NewMessageViewController.swift in Sources */,
				3625BCE32A07650A004E897E /* MessageTableViewCell.swift in Sources */,
				3625BCD92A069ECD004E897E /* TabBarController.swift in Sources */,
				367605A92A0B092000EE2291 /* LoginViewController.swift in Sources */,
				3625BCE72A07FE05004E897E /* ChatViewController.swift in Sources */,
				3666978F2A089BE800F792A0 /* ChatTableViewCell.swift in Sources */,
				367605AB2A0B0D4E00EE2291 /* UserDefaultManager.swift in Sources */,
				3625BCA52A0699D6004E897E /* SceneDelegate.swift in Sources */,
			);
			runOnlyForDeploymentPostprocessing = 0;
		};
		3625BCB42A0699D8004E897E /* Sources */ = {
			isa = PBXSourcesBuildPhase;
			buildActionMask = 2147483647;
			files = (
				3625BCBD2A0699D8004E897E /* ChatAppTests.swift in Sources */,
			);
			runOnlyForDeploymentPostprocessing = 0;
		};
		3625BCBE2A0699D8004E897E /* Sources */ = {
			isa = PBXSourcesBuildPhase;
			buildActionMask = 2147483647;
			files = (
				3625BCC92A0699D8004E897E /* ChatAppUITestsLaunchTests.swift in Sources */,
				3625BCC72A0699D8004E897E /* ChatAppUITests.swift in Sources */,
			);
			runOnlyForDeploymentPostprocessing = 0;
		};
/* End PBXSourcesBuildPhase section */

/* Begin PBXTargetDependency section */
		3625BCBA2A0699D8004E897E /* PBXTargetDependency */ = {
			isa = PBXTargetDependency;
			target = 3625BC9E2A0699D6004E897E /* ChatApp */;
			targetProxy = 3625BCB92A0699D8004E897E /* PBXContainerItemProxy */;
		};
		3625BCC42A0699D8004E897E /* PBXTargetDependency */ = {
			isa = PBXTargetDependency;
			target = 3625BC9E2A0699D6004E897E /* ChatApp */;
			targetProxy = 3625BCC32A0699D8004E897E /* PBXContainerItemProxy */;
		};
/* End PBXTargetDependency section */

/* Begin PBXVariantGroup section */
		3625BCB02A0699D8004E897E /* LaunchScreen.storyboard */ = {
			isa = PBXVariantGroup;
			children = (
				3625BCB12A0699D8004E897E /* Base */,
			);
			name = LaunchScreen.storyboard;
			sourceTree = "<group>";
		};
/* End PBXVariantGroup section */

/* Begin XCBuildConfiguration section */
		3625BCCA2A0699D8004E897E /* Debug */ = {
			isa = XCBuildConfiguration;
			buildSettings = {
				ALWAYS_SEARCH_USER_PATHS = NO;
				CLANG_ANALYZER_NONNULL = YES;
				CLANG_ANALYZER_NUMBER_OBJECT_CONVERSION = YES_AGGRESSIVE;
				CLANG_CXX_LANGUAGE_STANDARD = "gnu++20";
				CLANG_ENABLE_MODULES = YES;
				CLANG_ENABLE_OBJC_ARC = YES;
				CLANG_ENABLE_OBJC_WEAK = YES;
				CLANG_WARN_BLOCK_CAPTURE_AUTORELEASING = YES;
				CLANG_WARN_BOOL_CONVERSION = YES;
				CLANG_WARN_COMMA = YES;
				CLANG_WARN_CONSTANT_CONVERSION = YES;
				CLANG_WARN_DEPRECATED_OBJC_IMPLEMENTATIONS = YES;
				CLANG_WARN_DIRECT_OBJC_ISA_USAGE = YES_ERROR;
				CLANG_WARN_DOCUMENTATION_COMMENTS = YES;
				CLANG_WARN_EMPTY_BODY = YES;
				CLANG_WARN_ENUM_CONVERSION = YES;
				CLANG_WARN_INFINITE_RECURSION = YES;
				CLANG_WARN_INT_CONVERSION = YES;
				CLANG_WARN_NON_LITERAL_NULL_CONVERSION = YES;
				CLANG_WARN_OBJC_IMPLICIT_RETAIN_SELF = YES;
				CLANG_WARN_OBJC_LITERAL_CONVERSION = YES;
				CLANG_WARN_OBJC_ROOT_CLASS = YES_ERROR;
				CLANG_WARN_QUOTED_INCLUDE_IN_FRAMEWORK_HEADER = YES;
				CLANG_WARN_RANGE_LOOP_ANALYSIS = YES;
				CLANG_WARN_STRICT_PROTOTYPES = YES;
				CLANG_WARN_SUSPICIOUS_MOVE = YES;
				CLANG_WARN_UNGUARDED_AVAILABILITY = YES_AGGRESSIVE;
				CLANG_WARN_UNREACHABLE_CODE = YES;
				CLANG_WARN__DUPLICATE_METHOD_MATCH = YES;
				COPY_PHASE_STRIP = NO;
				DEBUG_INFORMATION_FORMAT = dwarf;
				ENABLE_STRICT_OBJC_MSGSEND = YES;
				ENABLE_TESTABILITY = YES;
				GCC_C_LANGUAGE_STANDARD = gnu11;
				GCC_DYNAMIC_NO_PIC = NO;
				GCC_NO_COMMON_BLOCKS = YES;
				GCC_OPTIMIZATION_LEVEL = 0;
				GCC_PREPROCESSOR_DEFINITIONS = (
					"DEBUG=1",
					"$(inherited)",
				);
				GCC_WARN_64_TO_32_BIT_CONVERSION = YES;
				GCC_WARN_ABOUT_RETURN_TYPE = YES_ERROR;
				GCC_WARN_UNDECLARED_SELECTOR = YES;
				GCC_WARN_UNINITIALIZED_AUTOS = YES_AGGRESSIVE;
				GCC_WARN_UNUSED_FUNCTION = YES;
				GCC_WARN_UNUSED_VARIABLE = YES;
				IPHONEOS_DEPLOYMENT_TARGET = 13.0;
				MTL_ENABLE_DEBUG_INFO = INCLUDE_SOURCE;
				MTL_FAST_MATH = YES;
				ONLY_ACTIVE_ARCH = YES;
				SDKROOT = iphoneos;
				SWIFT_ACTIVE_COMPILATION_CONDITIONS = DEBUG;
				SWIFT_OPTIMIZATION_LEVEL = "-Onone";
			};
			name = Debug;
		};
		3625BCCB2A0699D8004E897E /* Release */ = {
			isa = XCBuildConfiguration;
			buildSettings = {
				ALWAYS_SEARCH_USER_PATHS = NO;
				CLANG_ANALYZER_NONNULL = YES;
				CLANG_ANALYZER_NUMBER_OBJECT_CONVERSION = YES_AGGRESSIVE;
				CLANG_CXX_LANGUAGE_STANDARD = "gnu++20";
				CLANG_ENABLE_MODULES = YES;
				CLANG_ENABLE_OBJC_ARC = YES;
				CLANG_ENABLE_OBJC_WEAK = YES;
				CLANG_WARN_BLOCK_CAPTURE_AUTORELEASING = YES;
				CLANG_WARN_BOOL_CONVERSION = YES;
				CLANG_WARN_COMMA = YES;
				CLANG_WARN_CONSTANT_CONVERSION = YES;
				CLANG_WARN_DEPRECATED_OBJC_IMPLEMENTATIONS = YES;
				CLANG_WARN_DIRECT_OBJC_ISA_USAGE = YES_ERROR;
				CLANG_WARN_DOCUMENTATION_COMMENTS = YES;
				CLANG_WARN_EMPTY_BODY = YES;
				CLANG_WARN_ENUM_CONVERSION = YES;
				CLANG_WARN_INFINITE_RECURSION = YES;
				CLANG_WARN_INT_CONVERSION = YES;
				CLANG_WARN_NON_LITERAL_NULL_CONVERSION = YES;
				CLANG_WARN_OBJC_IMPLICIT_RETAIN_SELF = YES;
				CLANG_WARN_OBJC_LITERAL_CONVERSION = YES;
				CLANG_WARN_OBJC_ROOT_CLASS = YES_ERROR;
				CLANG_WARN_QUOTED_INCLUDE_IN_FRAMEWORK_HEADER = YES;
				CLANG_WARN_RANGE_LOOP_ANALYSIS = YES;
				CLANG_WARN_STRICT_PROTOTYPES = YES;
				CLANG_WARN_SUSPICIOUS_MOVE = YES;
				CLANG_WARN_UNGUARDED_AVAILABILITY = YES_AGGRESSIVE;
				CLANG_WARN_UNREACHABLE_CODE = YES;
				CLANG_WARN__DUPLICATE_METHOD_MATCH = YES;
				COPY_PHASE_STRIP = NO;
				DEBUG_INFORMATION_FORMAT = "dwarf-with-dsym";
				ENABLE_NS_ASSERTIONS = NO;
				ENABLE_STRICT_OBJC_MSGSEND = YES;
				GCC_C_LANGUAGE_STANDARD = gnu11;
				GCC_NO_COMMON_BLOCKS = YES;
				GCC_WARN_64_TO_32_BIT_CONVERSION = YES;
				GCC_WARN_ABOUT_RETURN_TYPE = YES_ERROR;
				GCC_WARN_UNDECLARED_SELECTOR = YES;
				GCC_WARN_UNINITIALIZED_AUTOS = YES_AGGRESSIVE;
				GCC_WARN_UNUSED_FUNCTION = YES;
				GCC_WARN_UNUSED_VARIABLE = YES;
				IPHONEOS_DEPLOYMENT_TARGET = 13.0;
				MTL_ENABLE_DEBUG_INFO = NO;
				MTL_FAST_MATH = YES;
				SDKROOT = iphoneos;
				SWIFT_COMPILATION_MODE = wholemodule;
				SWIFT_OPTIMIZATION_LEVEL = "-O";
				VALIDATE_PRODUCT = YES;
			};
			name = Release;
		};
		3625BCCD2A0699D8004E897E /* Debug */ = {
			isa = XCBuildConfiguration;
			buildSettings = {
				ASSETCATALOG_COMPILER_APPICON_NAME = AppIcon;
				ASSETCATALOG_COMPILER_GLOBAL_ACCENT_COLOR_NAME = AccentColor;
				CODE_SIGN_STYLE = Automatic;
				CURRENT_PROJECT_VERSION = 1;
				DEVELOPMENT_TEAM = QAT46LHJF5;
				GENERATE_INFOPLIST_FILE = YES;
				INFOPLIST_FILE = ChatApp/Info.plist;
				INFOPLIST_KEY_UIApplicationSupportsIndirectInputEvents = YES;
				INFOPLIST_KEY_UILaunchStoryboardName = LaunchScreen;
				INFOPLIST_KEY_UISupportedInterfaceOrientations_iPad = "UIInterfaceOrientationPortrait UIInterfaceOrientationPortraitUpsideDown UIInterfaceOrientationLandscapeLeft UIInterfaceOrientationLandscapeRight";
				INFOPLIST_KEY_UISupportedInterfaceOrientations_iPhone = "UIInterfaceOrientationPortrait UIInterfaceOrientationLandscapeLeft UIInterfaceOrientationLandscapeRight";
				IPHONEOS_DEPLOYMENT_TARGET = 13.0;
				LD_RUNPATH_SEARCH_PATHS = (
					"$(inherited)",
					"@executable_path/Frameworks",
				);
				MARKETING_VERSION = 1.0;
				PRODUCT_BUNDLE_IDENTIFIER = com.hongssup.ChatApp;
				PRODUCT_NAME = "$(TARGET_NAME)";
				SWIFT_EMIT_LOC_STRINGS = YES;
				SWIFT_VERSION = 5.0;
				TARGETED_DEVICE_FAMILY = "1,2";
			};
			name = Debug;
		};
		3625BCCE2A0699D8004E897E /* Release */ = {
			isa = XCBuildConfiguration;
			buildSettings = {
				ASSETCATALOG_COMPILER_APPICON_NAME = AppIcon;
				ASSETCATALOG_COMPILER_GLOBAL_ACCENT_COLOR_NAME = AccentColor;
				CODE_SIGN_STYLE = Automatic;
				CURRENT_PROJECT_VERSION = 1;
				DEVELOPMENT_TEAM = QAT46LHJF5;
				GENERATE_INFOPLIST_FILE = YES;
				INFOPLIST_FILE = ChatApp/Info.plist;
				INFOPLIST_KEY_UIApplicationSupportsIndirectInputEvents = YES;
				INFOPLIST_KEY_UILaunchStoryboardName = LaunchScreen;
				INFOPLIST_KEY_UISupportedInterfaceOrientations_iPad = "UIInterfaceOrientationPortrait UIInterfaceOrientationPortraitUpsideDown UIInterfaceOrientationLandscapeLeft UIInterfaceOrientationLandscapeRight";
				INFOPLIST_KEY_UISupportedInterfaceOrientations_iPhone = "UIInterfaceOrientationPortrait UIInterfaceOrientationLandscapeLeft UIInterfaceOrientationLandscapeRight";
				IPHONEOS_DEPLOYMENT_TARGET = 13.0;
				LD_RUNPATH_SEARCH_PATHS = (
					"$(inherited)",
					"@executable_path/Frameworks",
				);
				MARKETING_VERSION = 1.0;
				PRODUCT_BUNDLE_IDENTIFIER = com.hongssup.ChatApp;
				PRODUCT_NAME = "$(TARGET_NAME)";
				SWIFT_EMIT_LOC_STRINGS = YES;
				SWIFT_VERSION = 5.0;
				TARGETED_DEVICE_FAMILY = "1,2";
			};
			name = Release;
		};
		3625BCD02A0699D8004E897E /* Debug */ = {
			isa = XCBuildConfiguration;
			buildSettings = {
				ALWAYS_EMBED_SWIFT_STANDARD_LIBRARIES = YES;
				BUNDLE_LOADER = "$(TEST_HOST)";
				CODE_SIGN_STYLE = Automatic;
				CURRENT_PROJECT_VERSION = 1;
				DEVELOPMENT_TEAM = QAT46LHJF5;
				GENERATE_INFOPLIST_FILE = YES;
				IPHONEOS_DEPLOYMENT_TARGET = 16.2;
				MARKETING_VERSION = 1.0;
				PRODUCT_BUNDLE_IDENTIFIER = com.hongssup.ChatAppTests;
				PRODUCT_NAME = "$(TARGET_NAME)";
				SWIFT_EMIT_LOC_STRINGS = NO;
				SWIFT_VERSION = 5.0;
				TARGETED_DEVICE_FAMILY = "1,2";
				TEST_HOST = "$(BUILT_PRODUCTS_DIR)/ChatApp.app/$(BUNDLE_EXECUTABLE_FOLDER_PATH)/ChatApp";
			};
			name = Debug;
		};
		3625BCD12A0699D8004E897E /* Release */ = {
			isa = XCBuildConfiguration;
			buildSettings = {
				ALWAYS_EMBED_SWIFT_STANDARD_LIBRARIES = YES;
				BUNDLE_LOADER = "$(TEST_HOST)";
				CODE_SIGN_STYLE = Automatic;
				CURRENT_PROJECT_VERSION = 1;
				DEVELOPMENT_TEAM = QAT46LHJF5;
				GENERATE_INFOPLIST_FILE = YES;
				IPHONEOS_DEPLOYMENT_TARGET = 16.2;
				MARKETING_VERSION = 1.0;
				PRODUCT_BUNDLE_IDENTIFIER = com.hongssup.ChatAppTests;
				PRODUCT_NAME = "$(TARGET_NAME)";
				SWIFT_EMIT_LOC_STRINGS = NO;
				SWIFT_VERSION = 5.0;
				TARGETED_DEVICE_FAMILY = "1,2";
				TEST_HOST = "$(BUILT_PRODUCTS_DIR)/ChatApp.app/$(BUNDLE_EXECUTABLE_FOLDER_PATH)/ChatApp";
			};
			name = Release;
		};
		3625BCD32A0699D8004E897E /* Debug */ = {
			isa = XCBuildConfiguration;
			buildSettings = {
				ALWAYS_EMBED_SWIFT_STANDARD_LIBRARIES = YES;
				CODE_SIGN_STYLE = Automatic;
				CURRENT_PROJECT_VERSION = 1;
				DEVELOPMENT_TEAM = QAT46LHJF5;
				GENERATE_INFOPLIST_FILE = YES;
				MARKETING_VERSION = 1.0;
				PRODUCT_BUNDLE_IDENTIFIER = com.hongssup.ChatAppUITests;
				PRODUCT_NAME = "$(TARGET_NAME)";
				SWIFT_EMIT_LOC_STRINGS = NO;
				SWIFT_VERSION = 5.0;
				TARGETED_DEVICE_FAMILY = "1,2";
				TEST_TARGET_NAME = ChatApp;
			};
			name = Debug;
		};
		3625BCD42A0699D8004E897E /* Release */ = {
			isa = XCBuildConfiguration;
			buildSettings = {
				ALWAYS_EMBED_SWIFT_STANDARD_LIBRARIES = YES;
				CODE_SIGN_STYLE = Automatic;
				CURRENT_PROJECT_VERSION = 1;
				DEVELOPMENT_TEAM = QAT46LHJF5;
				GENERATE_INFOPLIST_FILE = YES;
				MARKETING_VERSION = 1.0;
				PRODUCT_BUNDLE_IDENTIFIER = com.hongssup.ChatAppUITests;
				PRODUCT_NAME = "$(TARGET_NAME)";
				SWIFT_EMIT_LOC_STRINGS = NO;
				SWIFT_VERSION = 5.0;
				TARGETED_DEVICE_FAMILY = "1,2";
				TEST_TARGET_NAME = ChatApp;
			};
			name = Release;
		};
/* End XCBuildConfiguration section */

/* Begin XCConfigurationList section */
		3625BC9A2A0699D6004E897E /* Build configuration list for PBXProject "ChatApp" */ = {
			isa = XCConfigurationList;
			buildConfigurations = (
				3625BCCA2A0699D8004E897E /* Debug */,
				3625BCCB2A0699D8004E897E /* Release */,
			);
			defaultConfigurationIsVisible = 0;
			defaultConfigurationName = Release;
		};
		3625BCCC2A0699D8004E897E /* Build configuration list for PBXNativeTarget "ChatApp" */ = {
			isa = XCConfigurationList;
			buildConfigurations = (
				3625BCCD2A0699D8004E897E /* Debug */,
				3625BCCE2A0699D8004E897E /* Release */,
			);
			defaultConfigurationIsVisible = 0;
			defaultConfigurationName = Release;
		};
		3625BCCF2A0699D8004E897E /* Build configuration list for PBXNativeTarget "ChatAppTests" */ = {
			isa = XCConfigurationList;
			buildConfigurations = (
				3625BCD02A0699D8004E897E /* Debug */,
				3625BCD12A0699D8004E897E /* Release */,
			);
			defaultConfigurationIsVisible = 0;
			defaultConfigurationName = Release;
		};
		3625BCD22A0699D8004E897E /* Build configuration list for PBXNativeTarget "ChatAppUITests" */ = {
			isa = XCConfigurationList;
			buildConfigurations = (
				3625BCD32A0699D8004E897E /* Debug */,
				3625BCD42A0699D8004E897E /* Release */,
			);
			defaultConfigurationIsVisible = 0;
			defaultConfigurationName = Release;
		};
/* End XCConfigurationList section */

/* Begin XCRemoteSwiftPackageReference section */
		3625BCDF2A075EAB004E897E /* XCRemoteSwiftPackageReference "SnapKit" */ = {
			isa = XCRemoteSwiftPackageReference;
			repositoryURL = "https://github.com/SnapKit/SnapKit.git";
			requirement = {
				kind = upToNextMajorVersion;
				minimumVersion = 5.0.1;
			};
		};
		3676059D2A0ABD0200EE2291 /* XCRemoteSwiftPackageReference "firebase-ios-sdk" */ = {
			isa = XCRemoteSwiftPackageReference;
			repositoryURL = "https://github.com/firebase/firebase-ios-sdk";
			requirement = {
				kind = upToNextMajorVersion;
				minimumVersion = 9.0.0;
			};
		};
/* End XCRemoteSwiftPackageReference section */

/* Begin XCSwiftPackageProductDependency section */
		3625BCE02A075EAB004E897E /* SnapKit */ = {
			isa = XCSwiftPackageProductDependency;
			package = 3625BCDF2A075EAB004E897E /* XCRemoteSwiftPackageReference "SnapKit" */;
			productName = SnapKit;
		};
		3676059E2A0ABD0200EE2291 /* FirebaseAnalytics */ = {
			isa = XCSwiftPackageProductDependency;
			package = 3676059D2A0ABD0200EE2291 /* XCRemoteSwiftPackageReference "firebase-ios-sdk" */;
			productName = FirebaseAnalytics;
		};
		367605A02A0ABD0200EE2291 /* FirebaseAuth */ = {
			isa = XCSwiftPackageProductDependency;
			package = 3676059D2A0ABD0200EE2291 /* XCRemoteSwiftPackageReference "firebase-ios-sdk" */;
			productName = FirebaseAuth;
		};
		367605A22A0ABD0200EE2291 /* FirebaseFirestore */ = {
			isa = XCSwiftPackageProductDependency;
			package = 3676059D2A0ABD0200EE2291 /* XCRemoteSwiftPackageReference "firebase-ios-sdk" */;
			productName = FirebaseFirestore;
		};
		367605A42A0ABD0200EE2291 /* FirebaseFirestoreSwift */ = {
			isa = XCSwiftPackageProductDependency;
			package = 3676059D2A0ABD0200EE2291 /* XCRemoteSwiftPackageReference "firebase-ios-sdk" */;
			productName = FirebaseFirestoreSwift;
		};
		367605A62A0ABD0200EE2291 /* FirebaseStorage */ = {
			isa = XCSwiftPackageProductDependency;
			package = 3676059D2A0ABD0200EE2291 /* XCRemoteSwiftPackageReference "firebase-ios-sdk" */;
			productName = FirebaseStorage;
		};
/* End XCSwiftPackageProductDependency section */

/* Begin XCVersionGroup section */
		3625BCAB2A0699D6004E897E /* ChatApp.xcdatamodeld */ = {
			isa = XCVersionGroup;
			children = (
				3625BCAC2A0699D6004E897E /* ChatApp.xcdatamodel */,
			);
			currentVersion = 3625BCAC2A0699D6004E897E /* ChatApp.xcdatamodel */;
			path = ChatApp.xcdatamodeld;
			sourceTree = "<group>";
			versionGroupType = wrapper.xcdatamodel;
		};
/* End XCVersionGroup section */
	};
	rootObject = 3625BC972A0699D6004E897E /* Project object */;
}
